Microsoft Visual Studio Solution File, Format Version 12.00
# Visual Studio Version 17
VisualStudioVersion = 17.5.2.0
MinimumVisualStudioVersion = 10.0.40219.1
Project("{FAE04EC0-301F-11D3-BF4B-00C04F79EFBC}") = "NullReferenceException", "NullReferenceException.csproj", "{3CF64EDA-9046-FD7E-0F71-3A656F7E6021}"
EndProject
Global
	GlobalSection(SolutionConfigurationPlatforms) = preSolution
		Debug|Any CPU = Debug|Any CPU
		Release|Any CPU = Release|Any CPU
	EndGlobalSection
	GlobalSection(ProjectConfigurationPlatforms) = postSolution
		{3CF64EDA-9046-FD7E-0F71-3A656F7E6021}.Debug|Any CPU.ActiveCfg = Debug|Any CPU
		{3CF64EDA-9046-FD7E-0F71-3A656F7E6021}.Debug|Any CPU.Build.0 = Debug|Any CPU
		{3CF64EDA-9046-FD7E-0F71-3A656F7E6021}.Release|Any CPU.ActiveCfg = Release|Any CPU
		{3CF64EDA-9046-FD7E-0F71-3A656F7E6021}.Release|Any CPU.Build.0 = Release|Any CPU
	EndGlobalSection
	GlobalSection(SolutionProperties) = preSolution
		HideSolutionNode = FALSE
	EndGlobalSection
	GlobalSection(ExtensibilityGlobals) = postSolution
		SolutionGuid = {E87BFC40-90A9-4BF8-9BE2-8ACB2CCAB064}
	EndGlobalSection
EndGlobal
